{
  "object": {
    "pins": [
      {
        "package": "MusicKitPlayer",
        "repositoryURL": "git@github.com:thompsonate/MusicKit-macOS.git",
        "state": {
          "branch": "master",
          "revision": "6138fb0212ccc7dc493f839d093d967354dfb0fa",
          "version": null
        }
      },
      {
        "package": "URLImage",
        "repositoryURL": "https://github.com/dmytro-anokhin/url-image",
        "state": {
          "branch": null,
          "revision": "22eca5ee4f317e0283da75426849ee23f0516022",
          "version": "0.9.19"
        }
      }
    ]
  },
  "version": 1
}
